
Microsoft Visual Studio Solution File, Format Version 12.00
# Visual Studio Version 17
VisualStudioVersion = 17.8.34316.72
MinimumVisualStudioVersion = 10.0.40219.1
Project("{FAE04EC0-301F-11D3-BF4B-00C04F79EFBC}") = "SprayPaintApp", "SprayPaintApp\SprayPaintApp.csproj", "{8C657F2D-D835-4334-B5D6-1F1BE7EF11EF}"
EndProject
Global
	GlobalSection(SolutionConfigurationPlatforms) = preSolution
		Debug|Any CPU = Debug|Any CPU
		Release|Any CPU = Release|Any CPU
	EndGlobalSection
	GlobalSection(ProjectConfigurationPlatforms) = postSolution
		{8C657F2D-D835-4334-B5D6-1F1BE7EF11EF}.Debug|Any CPU.ActiveCfg = Debug|Any CPU
		{8C657F2D-D835-4334-B5D6-1F1BE7EF11EF}.Debug|Any CPU.Build.0 = Debug|Any CPU
		{8C657F2D-D835-4334-B5D6-1F1BE7EF11EF}.Release|Any CPU.ActiveCfg = Release|Any CPU
		{8C657F2D-D835-4334-B5D6-1F1BE7EF11EF}.Release|Any CPU.Build.0 = Release|Any CPU
	EndGlobalSection
	GlobalSection(SolutionProperties) = preSolution
		HideSolutionNode = FALSE
	EndGlobalSection
	GlobalSection(ExtensibilityGlobals) = postSolution
		SolutionGuid = {B7594B64-4EE7-4914-8A76-542F529B6093}
	EndGlobalSection
EndGlobal
